<?xml version="1.0" encoding="utf-8"?>
<Project ToolsVersion="4.0" xmlns="http://schemas.microsoft.com/developer/msbuild/2003">
  <ItemGroup>
    <Filter Include="Исходные файлы">
      <UniqueIdentifier>{4FC737F1-C7A5-4376-A066-2A32D752A2FF}</UniqueIdentifier>
      <Extensions>cpp;c;cc;cxx;c++;cppm;ixx;def;odl;idl;hpj;bat;asm;asmx</Extensions>
    </Filter>
    <Filter Include="Файлы заголовков">
      <UniqueIdentifier>{93995380-89BD-4b04-88EB-625FBE52EBFB}</UniqueIdentifier>
      <Extensions>h;hh;hpp;hxx;h++;hm;inl;inc;ipp;xsd</Extensions>
    </Filter>
    <Filter Include="Файлы ресурсов">
      <UniqueIdentifier>{67DA6AB6-F800-4c08-8B7A-83BB121AAD01}</UniqueIdentifier>
      <Extensions>rc;ico;cur;bmp;dlg;rc2;rct;bin;rgs;gif;jpg;jpeg;jpe;resx;tiff;tif;png;wav;mfcribbon-ms</Extensions>
    </Filter>
  </ItemGroup>
  <ItemGroup>
    <ClCompile Include="UROK 24.cpp">
      <Filter>Исходные файлы</Filter>
    </ClCompile>
    <ClCompile Include="..\INJ4.1\camera.cpp">
      <Filter>Исходные файлы</Filter>
    </ClCompile>
    <ClCompile Include="..\INJ4.1\glut_backend.cpp">
      <Filter>Исходные файлы</Filter>
    </ClCompile>
    <ClCompile Include="..\INJ4.1\lighting_technique.cpp">
      <Filter>Исходные файлы</Filter>
    </ClCompile>
    <ClCompile Include="..\INJ4.1\math_3d.cpp">
      <Filter>Исходные файлы</Filter>
    </ClCompile>
    <ClCompile Include="..\INJ4.1\mesh.cpp">
      <Filter>Исходные файлы</Filter>
    </ClCompile>
    <ClCompile Include="..\INJ4.1\pipeline.cpp">
      <Filter>Исходные файлы</Filter>
    </ClCompile>
    <ClCompile Include="..\INJ4.1\shadow_map_fbo.cpp">
      <Filter>Исходные файлы</Filter>
    </ClCompile>
    <ClCompile Include="..\INJ4.1\shadow_map_technique.cpp">
      <Filter>Исходные файлы</Filter>
    </ClCompile>
    <ClCompile Include="..\INJ4.1\technique.cpp">
      <Filter>Исходные файлы</Filter>
    </ClCompile>
    <ClCompile Include="..\INJ4.1\texture.cpp">
      <Filter>Исходные файлы</Filter>
    </ClCompile>
  </ItemGroup>
  <ItemGroup>
    <ClInclude Include="..\INJ4.1\callbacks.h">
      <Filter>Исходные файлы</Filter>
    </ClInclude>
    <ClInclude Include="..\INJ4.1\camera.h">
      <Filter>Исходные файлы</Filter>
    </ClInclude>
    <ClInclude Include="..\INJ4.1\glut_backend.h">
      <Filter>Исходные файлы</Filter>
    </ClInclude>
    <ClInclude Include="..\INJ4.1\lighting_technique.h">
      <Filter>Исходные файлы</Filter>
    </ClInclude>
    <ClInclude Include="..\INJ4.1\math_3d.h">
      <Filter>Исходные файлы</Filter>
    </ClInclude>
    <ClInclude Include="..\INJ4.1\mesh.h">
      <Filter>Исходные файлы</Filter>
    </ClInclude>
    <ClInclude Include="..\INJ4.1\pipeline.h">
      <Filter>Исходные файлы</Filter>
    </ClInclude>
    <ClInclude Include="..\INJ4.1\shadow_map_fbo.h">
      <Filter>Исходные файлы</Filter>
    </ClInclude>
    <ClInclude Include="..\INJ4.1\shadow_map_technique.h">
      <Filter>Исходные файлы</Filter>
    </ClInclude>
    <ClInclude Include="..\INJ4.1\technique.h">
      <Filter>Исходные файлы</Filter>
    </ClInclude>
    <ClInclude Include="..\INJ4.1\texture.h">
      <Filter>Исходные файлы</Filter>
    </ClInclude>
    <ClInclude Include="..\INJ4.1\util.h">
      <Filter>Исходные файлы</Filter>
    </ClInclude>
  </ItemGroup>
  <ItemGroup>
    <None Include="..\INJ4.1\Makefile">
      <Filter>Исходные файлы</Filter>
    </None>
    <None Include="..\INJ4.1\packages.config">
      <Filter>Исходные файлы</Filter>
    </None>
    <None Include="..\INJ4.1\phoenix.pcx">
      <Filter>Исходные файлы</Filter>
    </None>
    <None Include="..\INJ4.1\phoenix_ugv.md2">
      <Filter>Исходные файлы</Filter>
    </None>
    <None Include="..\INJ4.1\quad.mtl">
      <Filter>Исходные файлы</Filter>
    </None>
    <None Include="packages.config" />
  </ItemGroup>
  <ItemGroup>
    <Object Include="..\INJ4.1\quad.obj">
      <Filter>Исходные файлы</Filter>
    </Object>
  </ItemGroup>
</Project>