<?xml version="1.0" encoding="utf-8"?>
<Project ToolsVersion="4.0" xmlns="http://schemas.microsoft.com/developer/msbuild/2003">
  <ItemGroup>
    <Filter Include="Исходные файлы">
      <UniqueIdentifier>{4FC737F1-C7A5-4376-A066-2A32D752A2FF}</UniqueIdentifier>
      <Extensions>cpp;c;cc;cxx;c++;cppm;ixx;def;odl;idl;hpj;bat;asm;asmx</Extensions>
    </Filter>
    <Filter Include="Файлы заголовков">
      <UniqueIdentifier>{93995380-89BD-4b04-88EB-625FBE52EBFB}</UniqueIdentifier>
      <Extensions>h;hh;hpp;hxx;h++;hm;inl;inc;ipp;xsd</Extensions>
    </Filter>
    <Filter Include="Файлы ресурсов">
      <UniqueIdentifier>{67DA6AB6-F800-4c08-8B7A-83BB121AAD01}</UniqueIdentifier>
      <Extensions>rc;ico;cur;bmp;dlg;rc2;rct;bin;rgs;gif;jpg;jpeg;jpe;resx;tiff;tif;png;wav;mfcribbon-ms</Extensions>
    </Filter>
  </ItemGroup>
  <ItemGroup>
    <None Include="..\..\..\..\Downloads\ogldev-master\ogldev-master\tutorial27\Makefile" />
    <None Include="packages.config" />
    <None Include="Makefile" />
    <None Include="boblampclean.md5anim" />
    <None Include="boblampclean.md5mesh" />
    <None Include="box.mtl" />
    <None Include="buddha.mtl" />
    <None Include="bunny.mtl" />
    <None Include="dragon.mtl" />
    <None Include="hheli.mtl" />
    <None Include="jeep.mtl" />
    <None Include="monkey.mtl" />
    <None Include="phoenix.pcx" />
    <None Include="phoenix_ugv.md2" />
    <None Include="quad.mtl" />
    <None Include="quad2.mtl" />
    <None Include="README" />
    <None Include="sphere.mtl" />
    <None Include="spider.mtl" />
  </ItemGroup>
  <ItemGroup>
    <Image Include="fireworks_red.jpg">
      <Filter>Файлы ресурсов</Filter>
    </Image>
    <Image Include="bricks.jpg">
      <Filter>Файлы ресурсов</Filter>
    </Image>
    <Image Include="diffuse.jpg">
      <Filter>Файлы ресурсов</Filter>
    </Image>
    <Image Include="drkwood2.jpg">
      <Filter>Файлы ресурсов</Filter>
    </Image>
    <Image Include="engineflare1.jpg">
      <Filter>Файлы ресурсов</Filter>
    </Image>
    <Image Include="guard1_body.tga" />
    <Image Include="guard1_face.tga" />
    <Image Include="guard1_helmet.tga" />
    <Image Include="heightmap.jpg">
      <Filter>Файлы ресурсов</Filter>
    </Image>
    <Image Include="hheli.bmp">
      <Filter>Файлы ресурсов</Filter>
    </Image>
    <Image Include="iron_grill.tga" />
    <Image Include="jeep_army.jpg">
      <Filter>Файлы ресурсов</Filter>
    </Image>
    <Image Include="jeep_rood.jpg">
      <Filter>Файлы ресурсов</Filter>
    </Image>
    <Image Include="monster_hellknight.jpg">
      <Filter>Файлы ресурсов</Filter>
    </Image>
    <Image Include="monster_hellknight.png">
      <Filter>Файлы ресурсов</Filter>
    </Image>
    <Image Include="normal_map.jpg">
      <Filter>Файлы ресурсов</Filter>
    </Image>
    <Image Include="normal_up.jpg">
      <Filter>Файлы ресурсов</Filter>
    </Image>
    <Image Include="round_grill.tga" />
    <Image Include="sp3back.jpg">
      <Filter>Файлы ресурсов</Filter>
    </Image>
    <Image Include="sp3bot.jpg">
      <Filter>Файлы ресурсов</Filter>
    </Image>
    <Image Include="sp3front.jpg">
      <Filter>Файлы ресурсов</Filter>
    </Image>
    <Image Include="sp3left.jpg">
      <Filter>Файлы ресурсов</Filter>
    </Image>
    <Image Include="sp3right.jpg">
      <Filter>Файлы ресурсов</Filter>
    </Image>
    <Image Include="sp3top.jpg">
      <Filter>Файлы ресурсов</Filter>
    </Image>
    <Image Include="SpiderTex.jpg">
      <Filter>Файлы ресурсов</Filter>
    </Image>
    <Image Include="test.png">
      <Filter>Файлы ресурсов</Filter>
    </Image>
    <Image Include="wal67ar_small.jpg">
      <Filter>Файлы ресурсов</Filter>
    </Image>
    <Image Include="wal69ar_small.jpg">
      <Filter>Файлы ресурсов</Filter>
    </Image>
    <Image Include="white.png">
      <Filter>Файлы ресурсов</Filter>
    </Image>
  </ItemGroup>
  <ItemGroup>
    <ClCompile Include="billboard_technique.cpp">
      <Filter>Исходные файлы</Filter>
    </ClCompile>
    <ClCompile Include="camera.cpp">
      <Filter>Исходные файлы</Filter>
    </ClCompile>
    <ClCompile Include="eng_graph_5.cpp">
      <Filter>Исходные файлы</Filter>
    </ClCompile>
    <ClCompile Include="glut_backend.cpp">
      <Filter>Исходные файлы</Filter>
    </ClCompile>
    <ClCompile Include="lighting_technique.cpp">
      <Filter>Исходные файлы</Filter>
    </ClCompile>
    <ClCompile Include="math_3d.cpp">
      <Filter>Исходные файлы</Filter>
    </ClCompile>
    <ClCompile Include="mesh.cpp">
      <Filter>Исходные файлы</Filter>
    </ClCompile>
    <ClCompile Include="particle_system.cpp">
      <Filter>Исходные файлы</Filter>
    </ClCompile>
    <ClCompile Include="pipeline.cpp">
      <Filter>Исходные файлы</Filter>
    </ClCompile>
    <ClCompile Include="ps_update_technique.cpp">
      <Filter>Исходные файлы</Filter>
    </ClCompile>
    <ClCompile Include="random_texture.cpp">
      <Filter>Исходные файлы</Filter>
    </ClCompile>
    <ClCompile Include="technique.cpp">
      <Filter>Исходные файлы</Filter>
    </ClCompile>
    <ClCompile Include="texture.cpp">
      <Filter>Исходные файлы</Filter>
    </ClCompile>
  </ItemGroup>
  <ItemGroup>
    <ClInclude Include="billboard_technique.h">
      <Filter>Файлы заголовков</Filter>
    </ClInclude>
    <ClInclude Include="callbacks.h">
      <Filter>Файлы заголовков</Filter>
    </ClInclude>
    <ClInclude Include="camera.h">
      <Filter>Файлы заголовков</Filter>
    </ClInclude>
    <ClInclude Include="engine_common.h">
      <Filter>Файлы заголовков</Filter>
    </ClInclude>
    <ClInclude Include="glut_backend.h">
      <Filter>Файлы заголовков</Filter>
    </ClInclude>
    <ClInclude Include="lighting_technique.h">
      <Filter>Файлы заголовков</Filter>
    </ClInclude>
    <ClInclude Include="math_3d.h">
      <Filter>Файлы заголовков</Filter>
    </ClInclude>
    <ClInclude Include="mesh.h">
      <Filter>Файлы заголовков</Filter>
    </ClInclude>
    <ClInclude Include="particle_system.h">
      <Filter>Файлы заголовков</Filter>
    </ClInclude>
    <ClInclude Include="pipeline.h">
      <Filter>Файлы заголовков</Filter>
    </ClInclude>
    <ClInclude Include="ps_update_technique.h">
      <Filter>Файлы заголовков</Filter>
    </ClInclude>
    <ClInclude Include="random_texture.h">
      <Filter>Файлы заголовков</Filter>
    </ClInclude>
    <ClInclude Include="technique.h">
      <Filter>Файлы заголовков</Filter>
    </ClInclude>
    <ClInclude Include="texture.h">
      <Filter>Файлы заголовков</Filter>
    </ClInclude>
    <ClInclude Include="util.h">
      <Filter>Файлы заголовков</Filter>
    </ClInclude>
  </ItemGroup>
</Project>